
Microsoft Visual Studio Solution File, Format Version 12.00
# Visual Studio Version 17
VisualStudioVersion = 17.10.35013.160
MinimumVisualStudioVersion = 10.0.40219.1
Project("{FAE04EC0-301F-11D3-BF4B-00C04F79EFBC}") = "MinimalWebAPI", "MinimalWebAPI\MinimalWebAPI.csproj", "{DE52D714-A3B8-4146-AF11-E056F9F7D242}"
EndProject
Global
	GlobalSection(SolutionConfigurationPlatforms) = preSolution
		Debug|Any CPU = Debug|Any CPU
		Release|Any CPU = Release|Any CPU
	EndGlobalSection
	GlobalSection(ProjectConfigurationPlatforms) = postSolution
		{DE52D714-A3B8-4146-AF11-E056F9F7D242}.Debug|Any CPU.ActiveCfg = Debug|Any CPU
		{DE52D714-A3B8-4146-AF11-E056F9F7D242}.Debug|Any CPU.Build.0 = Debug|Any CPU
		{DE52D714-A3B8-4146-AF11-E056F9F7D242}.Release|Any CPU.ActiveCfg = Release|Any CPU
		{DE52D714-A3B8-4146-AF11-E056F9F7D242}.Release|Any CPU.Build.0 = Release|Any CPU
	EndGlobalSection
	GlobalSection(SolutionProperties) = preSolution
		HideSolutionNode = FALSE
	EndGlobalSection
	GlobalSection(ExtensibilityGlobals) = postSolution
		SolutionGuid = {E0C2ED53-3B82-48BE-A41D-4A6F9652398B}
	EndGlobalSection
EndGlobal
